
Microsoft Visual Studio Solution File, Format Version 12.00
# Visual Studio Version 17
VisualStudioVersion = 17.8.34511.84
MinimumVisualStudioVersion = 10.0.40219.1
Project("{FAE04EC0-301F-11D3-BF4B-00C04F79EFBC}") = "ReservationSalle", "ReservationSalle\ReservationSalle.csproj", "{24B122D5-E8E9-4F3E-832C-0C711B9B9C13}"
EndProject
Project("{FAE04EC0-301F-11D3-BF4B-00C04F79EFBC}") = "DAL", "DAL\DAL.csproj", "{F24B6296-F5BC-41B8-9A54-6E6930667E0B}"
EndProject
Project("{FAE04EC0-301F-11D3-BF4B-00C04F79EFBC}") = "BLL", "BLL\BLL.csproj", "{91D4F63A-EC64-4C54-973C-F6506DE86982}"
EndProject
Global
	GlobalSection(SolutionConfigurationPlatforms) = preSolution
		Debug|Any CPU = Debug|Any CPU
		Release|Any CPU = Release|Any CPU
	EndGlobalSection
	GlobalSection(ProjectConfigurationPlatforms) = postSolution
		{24B122D5-E8E9-4F3E-832C-0C711B9B9C13}.Debug|Any CPU.ActiveCfg = Debug|Any CPU
		{24B122D5-E8E9-4F3E-832C-0C711B9B9C13}.Debug|Any CPU.Build.0 = Debug|Any CPU
		{24B122D5-E8E9-4F3E-832C-0C711B9B9C13}.Release|Any CPU.ActiveCfg = Release|Any CPU
		{24B122D5-E8E9-4F3E-832C-0C711B9B9C13}.Release|Any CPU.Build.0 = Release|Any CPU
		{F24B6296-F5BC-41B8-9A54-6E6930667E0B}.Debug|Any CPU.ActiveCfg = Debug|Any CPU
		{F24B6296-F5BC-41B8-9A54-6E6930667E0B}.Debug|Any CPU.Build.0 = Debug|Any CPU
		{F24B6296-F5BC-41B8-9A54-6E6930667E0B}.Release|Any CPU.ActiveCfg = Release|Any CPU
		{F24B6296-F5BC-41B8-9A54-6E6930667E0B}.Release|Any CPU.Build.0 = Release|Any CPU
		{91D4F63A-EC64-4C54-973C-F6506DE86982}.Debug|Any CPU.ActiveCfg = Debug|Any CPU
		{91D4F63A-EC64-4C54-973C-F6506DE86982}.Debug|Any CPU.Build.0 = Debug|Any CPU
		{91D4F63A-EC64-4C54-973C-F6506DE86982}.Release|Any CPU.ActiveCfg = Release|Any CPU
		{91D4F63A-EC64-4C54-973C-F6506DE86982}.Release|Any CPU.Build.0 = Release|Any CPU
	EndGlobalSection
	GlobalSection(SolutionProperties) = preSolution
		HideSolutionNode = FALSE
	EndGlobalSection
	GlobalSection(ExtensibilityGlobals) = postSolution
		SolutionGuid = {D4F09AA3-F76D-45EC-AEAA-190A0453F1DF}
	EndGlobalSection
EndGlobal
